
Microsoft Visual Studio Solution File, Format Version 12.00
# Visual Studio Version 16
VisualStudioVersion = 16.0.31019.35
MinimumVisualStudioVersion = 10.0.40219.1
Project("{9A19103F-16F7-4668-BE54-9A1E7A4F7556}") = "Roulette", "Roulette\Roulette.csproj", "{F7CEE312-AE20-4A4D-AE51-0254B8C1344D}"
EndProject
Global
	GlobalSection(SolutionConfigurationPlatforms) = preSolution
		Debug|Any CPU = Debug|Any CPU
		Release|Any CPU = Release|Any CPU
	EndGlobalSection
	GlobalSection(ProjectConfigurationPlatforms) = postSolution
		{F7CEE312-AE20-4A4D-AE51-0254B8C1344D}.Debug|Any CPU.ActiveCfg = Debug|Any CPU
		{F7CEE312-AE20-4A4D-AE51-0254B8C1344D}.Debug|Any CPU.Build.0 = Debug|Any CPU
		{F7CEE312-AE20-4A4D-AE51-0254B8C1344D}.Release|Any CPU.ActiveCfg = Release|Any CPU
		{F7CEE312-AE20-4A4D-AE51-0254B8C1344D}.Release|Any CPU.Build.0 = Release|Any CPU
	EndGlobalSection
	GlobalSection(SolutionProperties) = preSolution
		HideSolutionNode = FALSE
	EndGlobalSection
	GlobalSection(ExtensibilityGlobals) = postSolution
		SolutionGuid = {5C036C5F-F0FD-4A96-8F4C-82AD85C87D8D}
	EndGlobalSection
EndGlobal
